// !$*UTF8*$!
{
	archiveVersion = 1;
	classes = {
	};
	objectVersion = 56;
	objects = {

/* Begin PBXBuildFile section */
		D86ACE6F2A4B81F10086650C /* RotationView.swift in Sources */ = {isa = PBXBuildFile; fileRef = D86ACE6E2A4B81980086650C /* RotationView.swift */; };
		D86ACE752A4B82FC0086650C /* CircleGrade.swift in Sources */ = {isa = PBXBuildFile; fileRef = D86ACE742A4B82FC0086650C /* CircleGrade.swift */; };
		D86ACE772A4B831A0086650C /* CircleInCircle.swift in Sources */ = {isa = PBXBuildFile; fileRef = D86ACE762A4B831A0086650C /* CircleInCircle.swift */; };
		D86ACE792A4B83240086650C /* SquareGrade.swift in Sources */ = {isa = PBXBuildFile; fileRef = D86ACE782A4B83240086650C /* SquareGrade.swift */; };
		D86ACE972A4B84550086650C /* Animating gestures .swift in Sources */ = {isa = PBXBuildFile; fileRef = D86ACE962A4B84550086650C /* Animating gestures .swift */; };
		D86ACE992A4B846E0086650C /* AnimatingGestures2.swift in Sources */ = {isa = PBXBuildFile; fileRef = D86ACE982A4B846E0086650C /* AnimatingGestures2.swift */; };
		D86ACE9B2A4B84800086650C /* Gradient.swift in Sources */ = {isa = PBXBuildFile; fileRef = D86ACE9A2A4B84800086650C /* Gradient.swift */; };
		D86ACE9D2A4B848D0086650C /* GradientView2.swift in Sources */ = {isa = PBXBuildFile; fileRef = D86ACE9C2A4B848D0086650C /* GradientView2.swift */; };
		D86ACEA32A4B84FF0086650C /* Neumorphis1.swift in Sources */ = {isa = PBXBuildFile; fileRef = D86ACEA22A4B84FF0086650C /* Neumorphis1.swift */; };
		D86ACEA52A4B85140086650C /* ShadowDrop.swift in Sources */ = {isa = PBXBuildFile; fileRef = D86ACEA42A4B85140086650C /* ShadowDrop.swift */; };
		D86D50762A47E81200691B72 /* UI_ExamplesApp.swift in Sources */ = {isa = PBXBuildFile; fileRef = D86D50752A47E81200691B72 /* UI_ExamplesApp.swift */; };
		D86D50782A47E81200691B72 /* ContentView.swift in Sources */ = {isa = PBXBuildFile; fileRef = D86D50772A47E81200691B72 /* ContentView.swift */; };
		D86D507A2A47E81500691B72 /* Assets.xcassets in Resources */ = {isa = PBXBuildFile; fileRef = D86D50792A47E81500691B72 /* Assets.xcassets */; };
		D86D507D2A47E81500691B72 /* Preview Assets.xcassets in Resources */ = {isa = PBXBuildFile; fileRef = D86D507C2A47E81500691B72 /* Preview Assets.xcassets */; };
		D86D50842A47E85200691B72 /* OnlineBanking.swift in Sources */ = {isa = PBXBuildFile; fileRef = D86D50832A47E85200691B72 /* OnlineBanking.swift */; };
		D86D50862A47E88200691B72 /* OnlineBanking-CreditCard.swift in Sources */ = {isa = PBXBuildFile; fileRef = D86D50852A47E88200691B72 /* OnlineBanking-CreditCard.swift */; };
		D86D50882A47EE7200691B72 /* OnlineBanking_InfoButtons.swift in Sources */ = {isa = PBXBuildFile; fileRef = D86D50872A47EE7200691B72 /* OnlineBanking_InfoButtons.swift */; };
		D86D508A2A47F14C00691B72 /* OnlineBanking- Header.swift in Sources */ = {isa = PBXBuildFile; fileRef = D86D50892A47F14C00691B72 /* OnlineBanking- Header.swift */; };
		D86D508C2A47F44C00691B72 /* OnlineBanking-Accounts.swift in Sources */ = {isa = PBXBuildFile; fileRef = D86D508B2A47F44C00691B72 /* OnlineBanking-Accounts.swift */; };
		D86D508E2A47F57C00691B72 /* OnlineBanking_Accounts_Item.swift in Sources */ = {isa = PBXBuildFile; fileRef = D86D508D2A47F57C00691B72 /* OnlineBanking_Accounts_Item.swift */; };
		D86D50902A47F86900691B72 /* OnlineBanking-Toggle.swift in Sources */ = {isa = PBXBuildFile; fileRef = D86D508F2A47F86900691B72 /* OnlineBanking-Toggle.swift */; };
		D86D50942A47FEEC00691B72 /* Orbit.swift in Sources */ = {isa = PBXBuildFile; fileRef = D86D50932A47FEEC00691B72 /* Orbit.swift */; };
		D86D50962A47FF9600691B72 /* Orbit-Button.swift in Sources */ = {isa = PBXBuildFile; fileRef = D86D50952A47FF9600691B72 /* Orbit-Button.swift */; };
		D8E6B0AD2A4804920041E77D /* Orbit-Design.swift in Sources */ = {isa = PBXBuildFile; fileRef = D8E6B0AC2A4804920041E77D /* Orbit-Design.swift */; };
		D8E6B0DE2A4B7A250041E77D /* CalculatorButton.swift in Sources */ = {isa = PBXBuildFile; fileRef = D8E6B0D92A4B7A250041E77D /* CalculatorButton.swift */; };
		D8E6B0DF2A4B7A250041E77D /* CalculatorMain.swift in Sources */ = {isa = PBXBuildFile; fileRef = D8E6B0DA2A4B7A250041E77D /* CalculatorMain.swift */; };
		D8E6B0E02A4B7A250041E77D /* CalcHeader.swift in Sources */ = {isa = PBXBuildFile; fileRef = D8E6B0DB2A4B7A250041E77D /* CalcHeader.swift */; };
		D8E6B0E12A4B7A250041E77D /* CalcClassManager.swift in Sources */ = {isa = PBXBuildFile; fileRef = D8E6B0DC2A4B7A250041E77D /* CalcClassManager.swift */; };
		D8E6B0E22A4B7A250041E77D /* CalcScreen.swift in Sources */ = {isa = PBXBuildFile; fileRef = D8E6B0DD2A4B7A250041E77D /* CalcScreen.swift */; };
		D8E6B0EC2A4B7AE80041E77D /* MusicPlayer.swift in Sources */ = {isa = PBXBuildFile; fileRef = D8E6B0EB2A4B7AE80041E77D /* MusicPlayer.swift */; };
		D8E6B0EE2A4B7B260041E77D /* AnimatedButton.swift in Sources */ = {isa = PBXBuildFile; fileRef = D8E6B0ED2A4B7B260041E77D /* AnimatedButton.swift */; };
/* End PBXBuildFile section */

/* Begin PBXFileReference section */
		D86ACE6E2A4B81980086650C /* RotationView.swift */ = {isa = PBXFileReference; lastKnownFileType = sourcecode.swift; path = RotationView.swift; sourceTree = "<group>"; };
		D86ACE742A4B82FC0086650C /* CircleGrade.swift */ = {isa = PBXFileReference; lastKnownFileType = sourcecode.swift; path = CircleGrade.swift; sourceTree = "<group>"; };
		D86ACE762A4B831A0086650C /* CircleInCircle.swift */ = {isa = PBXFileReference; lastKnownFileType = sourcecode.swift; path = CircleInCircle.swift; sourceTree = "<group>"; };
		D86ACE782A4B83240086650C /* SquareGrade.swift */ = {isa = PBXFileReference; lastKnownFileType = sourcecode.swift; path = SquareGrade.swift; sourceTree = "<group>"; };
		D86ACE962A4B84550086650C /* Animating gestures .swift */ = {isa = PBXFileReference; lastKnownFileType = sourcecode.swift; path = "Animating gestures .swift"; sourceTree = "<group>"; };
		D86ACE982A4B846E0086650C /* AnimatingGestures2.swift */ = {isa = PBXFileReference; lastKnownFileType = sourcecode.swift; path = AnimatingGestures2.swift; sourceTree = "<group>"; };
		D86ACE9A2A4B84800086650C /* Gradient.swift */ = {isa = PBXFileReference; lastKnownFileType = sourcecode.swift; path = Gradient.swift; sourceTree = "<group>"; };
		D86ACE9C2A4B848D0086650C /* GradientView2.swift */ = {isa = PBXFileReference; lastKnownFileType = sourcecode.swift; path = GradientView2.swift; sourceTree = "<group>"; };
		D86ACEA02A4B84D70086650C /* WinterCollection.swift */ = {isa = PBXFileReference; lastKnownFileType = sourcecode.swift; name = WinterCollection.swift; path = "../../Recepies v3 Advanced/Recepies v3 Advanced/UI/WinterCollection.swift"; sourceTree = "<group>"; };
		D86ACEA12A4B84E90086650C /* Explore.swift */ = {isa = PBXFileReference; lastKnownFileType = sourcecode.swift; name = Explore.swift; path = "../../Recepies v3 Advanced/Recepies v3 Advanced/UI/Explore.swift"; sourceTree = "<group>"; };
		D86ACEA22A4B84FF0086650C /* Neumorphis1.swift */ = {isa = PBXFileReference; lastKnownFileType = sourcecode.swift; path = Neumorphis1.swift; sourceTree = "<group>"; };
		D86ACEA42A4B85140086650C /* ShadowDrop.swift */ = {isa = PBXFileReference; lastKnownFileType = sourcecode.swift; path = ShadowDrop.swift; sourceTree = "<group>"; };
		D86D50722A47E81200691B72 /* UI Examples.app */ = {isa = PBXFileReference; explicitFileType = wrapper.application; includeInIndex = 0; path = "UI Examples.app"; sourceTree = BUILT_PRODUCTS_DIR; };
		D86D50752A47E81200691B72 /* UI_ExamplesApp.swift */ = {isa = PBXFileReference; lastKnownFileType = sourcecode.swift; path = UI_ExamplesApp.swift; sourceTree = "<group>"; };
		D86D50772A47E81200691B72 /* ContentView.swift */ = {isa = PBXFileReference; lastKnownFileType = sourcecode.swift; path = ContentView.swift; sourceTree = "<group>"; };
		D86D50792A47E81500691B72 /* Assets.xcassets */ = {isa = PBXFileReference; lastKnownFileType = folder.assetcatalog; path = Assets.xcassets; sourceTree = "<group>"; };
		D86D507C2A47E81500691B72 /* Preview Assets.xcassets */ = {isa = PBXFileReference; lastKnownFileType = folder.assetcatalog; path = "Preview Assets.xcassets"; sourceTree = "<group>"; };
		D86D50832A47E85200691B72 /* OnlineBanking.swift */ = {isa = PBXFileReference; lastKnownFileType = sourcecode.swift; path = OnlineBanking.swift; sourceTree = "<group>"; };
		D86D50852A47E88200691B72 /* OnlineBanking-CreditCard.swift */ = {isa = PBXFileReference; lastKnownFileType = sourcecode.swift; path = "OnlineBanking-CreditCard.swift"; sourceTree = "<group>"; };
		D86D50872A47EE7200691B72 /* OnlineBanking_InfoButtons.swift */ = {isa = PBXFileReference; lastKnownFileType = sourcecode.swift; path = OnlineBanking_InfoButtons.swift; sourceTree = "<group>"; };
		D86D50892A47F14C00691B72 /* OnlineBanking- Header.swift */ = {isa = PBXFileReference; lastKnownFileType = sourcecode.swift; path = "OnlineBanking- Header.swift"; sourceTree = "<group>"; };
		D86D508B2A47F44C00691B72 /* OnlineBanking-Accounts.swift */ = {isa = PBXFileReference; lastKnownFileType = sourcecode.swift; path = "OnlineBanking-Accounts.swift"; sourceTree = "<group>"; };
		D86D508D2A47F57C00691B72 /* OnlineBanking_Accounts_Item.swift */ = {isa = PBXFileReference; lastKnownFileType = sourcecode.swift; path = OnlineBanking_Accounts_Item.swift; sourceTree = "<group>"; };
		D86D508F2A47F86900691B72 /* OnlineBanking-Toggle.swift */ = {isa = PBXFileReference; lastKnownFileType = sourcecode.swift; path = "OnlineBanking-Toggle.swift"; sourceTree = "<group>"; };
		D86D50932A47FEEC00691B72 /* Orbit.swift */ = {isa = PBXFileReference; lastKnownFileType = sourcecode.swift; path = Orbit.swift; sourceTree = "<group>"; };
		D86D50952A47FF9600691B72 /* Orbit-Button.swift */ = {isa = PBXFileReference; lastKnownFileType = sourcecode.swift; path = "Orbit-Button.swift"; sourceTree = "<group>"; };
		D8E6B0AC2A4804920041E77D /* Orbit-Design.swift */ = {isa = PBXFileReference; lastKnownFileType = sourcecode.swift; path = "Orbit-Design.swift"; sourceTree = "<group>"; };
		D8E6B0D92A4B7A250041E77D /* CalculatorButton.swift */ = {isa = PBXFileReference; fileEncoding = 4; lastKnownFileType = sourcecode.swift; path = CalculatorButton.swift; sourceTree = "<group>"; };
		D8E6B0DA2A4B7A250041E77D /* CalculatorMain.swift */ = {isa = PBXFileReference; fileEncoding = 4; lastKnownFileType = sourcecode.swift; path = CalculatorMain.swift; sourceTree = "<group>"; };
		D8E6B0DB2A4B7A250041E77D /* CalcHeader.swift */ = {isa = PBXFileReference; fileEncoding = 4; lastKnownFileType = sourcecode.swift; path = CalcHeader.swift; sourceTree = "<group>"; };
		D8E6B0DC2A4B7A250041E77D /* CalcClassManager.swift */ = {isa = PBXFileReference; fileEncoding = 4; lastKnownFileType = sourcecode.swift; path = CalcClassManager.swift; sourceTree = "<group>"; };
		D8E6B0DD2A4B7A250041E77D /* CalcScreen.swift */ = {isa = PBXFileReference; fileEncoding = 4; lastKnownFileType = sourcecode.swift; path = CalcScreen.swift; sourceTree = "<group>"; };
		D8E6B0EB2A4B7AE80041E77D /* MusicPlayer.swift */ = {isa = PBXFileReference; fileEncoding = 4; lastKnownFileType = sourcecode.swift; name = MusicPlayer.swift; path = ../../Playground/Playground/MusicPlayer.swift; sourceTree = "<group>"; };
		D8E6B0ED2A4B7B260041E77D /* AnimatedButton.swift */ = {isa = PBXFileReference; lastKnownFileType = sourcecode.swift; path = AnimatedButton.swift; sourceTree = "<group>"; };
/* End PBXFileReference section */

/* Begin PBXFrameworksBuildPhase section */
		D86D506F2A47E81200691B72 /* Frameworks */ = {
			isa = PBXFrameworksBuildPhase;
			buildActionMask = 2147483647;
			files = (
			);
			runOnlyForDeploymentPostprocessing = 0;
		};
/* End PBXFrameworksBuildPhase section */

/* Begin PBXGroup section */
		D86ACE702A4B828E0086650C /* Gradients Group */ = {
			isa = PBXGroup;
			children = (
				D86ACE742A4B82FC0086650C /* CircleGrade.swift */,
				D86ACE762A4B831A0086650C /* CircleInCircle.swift */,
				D86ACE6E2A4B81980086650C /* RotationView.swift */,
				D86ACE782A4B83240086650C /* SquareGrade.swift */,
				D86ACE9A2A4B84800086650C /* Gradient.swift */,
				D86ACE9C2A4B848D0086650C /* GradientView2.swift */,
				D86ACEA22A4B84FF0086650C /* Neumorphis1.swift */,
				D86ACEA42A4B85140086650C /* ShadowDrop.swift */,
			);
			name = "Gradients Group";
			sourceTree = "<group>";
		};
		D86ACE9E2A4B84B60086650C /* Animation */ = {
			isa = PBXGroup;
			children = (
				D8E6B0ED2A4B7B260041E77D /* AnimatedButton.swift */,
				D86ACE962A4B84550086650C /* Animating gestures .swift */,
				D86ACE982A4B846E0086650C /* AnimatingGestures2.swift */,
			);
			name = Animation;
			sourceTree = "<group>";
		};
		D86ACE9F2A4B84D00086650C /* ShoppingApp */ = {
			isa = PBXGroup;
			children = (
				D86ACEA12A4B84E90086650C /* Explore.swift */,
				D86ACEA02A4B84D70086650C /* WinterCollection.swift */,
			);
			name = ShoppingApp;
			sourceTree = "<group>";
		};
		D86D50692A47E81200691B72 = {
			isa = PBXGroup;
			children = (
				D86D50742A47E81200691B72 /* UI Examples */,
				D86D50732A47E81200691B72 /* Products */,
			);
			sourceTree = "<group>";
		};
		D86D50732A47E81200691B72 /* Products */ = {
			isa = PBXGroup;
			children = (
				D86D50722A47E81200691B72 /* UI Examples.app */,
			);
			name = Products;
			sourceTree = "<group>";
		};
		D86D50742A47E81200691B72 /* UI Examples */ = {
			isa = PBXGroup;
			children = (
				D86D50772A47E81200691B72 /* ContentView.swift */,
				D86D50752A47E81200691B72 /* UI_ExamplesApp.swift */,
				D8E6B0EB2A4B7AE80041E77D /* MusicPlayer.swift */,
				D86ACE702A4B828E0086650C /* Gradients Group */,
				D86ACE9E2A4B84B60086650C /* Animation */,
				D86ACE9F2A4B84D00086650C /* ShoppingApp */,
				D8E6B0D82A4B7A250041E77D /* Calculator */,
				D86D50922A47FEDD00691B72 /* Orbit */,
				D86D50912A47FE8000691B72 /* OnlineBanking */,
				D86D50792A47E81500691B72 /* Assets.xcassets */,
				D86D507B2A47E81500691B72 /* Preview Content */,
			);
			path = "UI Examples";
			sourceTree = "<group>";
		};
		D86D507B2A47E81500691B72 /* Preview Content */ = {
			isa = PBXGroup;
			children = (
				D86D507C2A47E81500691B72 /* Preview Assets.xcassets */,
			);
			path = "Preview Content";
			sourceTree = "<group>";
		};
		D86D50912A47FE8000691B72 /* OnlineBanking */ = {
			isa = PBXGroup;
			children = (
				D86D50832A47E85200691B72 /* OnlineBanking.swift */,
				D86D508F2A47F86900691B72 /* OnlineBanking-Toggle.swift */,
				D86D508B2A47F44C00691B72 /* OnlineBanking-Accounts.swift */,
				D86D508D2A47F57C00691B72 /* OnlineBanking_Accounts_Item.swift */,
				D86D50892A47F14C00691B72 /* OnlineBanking- Header.swift */,
				D86D50852A47E88200691B72 /* OnlineBanking-CreditCard.swift */,
				D86D50872A47EE7200691B72 /* OnlineBanking_InfoButtons.swift */,
			);
			path = OnlineBanking;
			sourceTree = "<group>";
		};
		D86D50922A47FEDD00691B72 /* Orbit */ = {
			isa = PBXGroup;
			children = (
				D86D50932A47FEEC00691B72 /* Orbit.swift */,
				D8E6B0AC2A4804920041E77D /* Orbit-Design.swift */,
				D86D50952A47FF9600691B72 /* Orbit-Button.swift */,
			);
			path = Orbit;
			sourceTree = "<group>";
		};
		D8E6B0D82A4B7A250041E77D /* Calculator */ = {
			isa = PBXGroup;
			children = (
				D8E6B0DA2A4B7A250041E77D /* CalculatorMain.swift */,
				D8E6B0D92A4B7A250041E77D /* CalculatorButton.swift */,
				D8E6B0DB2A4B7A250041E77D /* CalcHeader.swift */,
				D8E6B0DC2A4B7A250041E77D /* CalcClassManager.swift */,
				D8E6B0DD2A4B7A250041E77D /* CalcScreen.swift */,
			);
			name = Calculator;
			path = "../../Recepies v3 Advanced/Recepies v3 Advanced/UI/Calculator";
			sourceTree = "<group>";
		};
/* End PBXGroup section */

/* Begin PBXNativeTarget section */
		D86D50712A47E81200691B72 /* UI Examples */ = {
			isa = PBXNativeTarget;
			buildConfigurationList = D86D50802A47E81500691B72 /* Build configuration list for PBXNativeTarget "UI Examples" */;
			buildPhases = (
				D86D506E2A47E81200691B72 /* Sources */,
				D86D506F2A47E81200691B72 /* Frameworks */,
				D86D50702A47E81200691B72 /* Resources */,
			);
			buildRules = (
			);
			dependencies = (
			);
			name = "UI Examples";
			productName = "UI Examples";
			productReference = D86D50722A47E81200691B72 /* UI Examples.app */;
			productType = "com.apple.product-type.application";
		};
/* End PBXNativeTarget section */

/* Begin PBXProject section */
		D86D506A2A47E81200691B72 /* Project object */ = {
			isa = PBXProject;
			attributes = {
				BuildIndependentTargetsInParallel = 1;
				LastSwiftUpdateCheck = 1430;
				LastUpgradeCheck = 1430;
				TargetAttributes = {
					D86D50712A47E81200691B72 = {
						CreatedOnToolsVersion = 14.3.1;
					};
				};
			};
			buildConfigurationList = D86D506D2A47E81200691B72 /* Build configuration list for PBXProject "UI Examples" */;
			compatibilityVersion = "Xcode 14.0";
			developmentRegion = en;
			hasScannedForEncodings = 0;
			knownRegions = (
				en,
				Base,
			);
			mainGroup = D86D50692A47E81200691B72;
			productRefGroup = D86D50732A47E81200691B72 /* Products */;
			projectDirPath = "";
			projectRoot = "";
			targets = (
				D86D50712A47E81200691B72 /* UI Examples */,
			);
		};
/* End PBXProject section */

/* Begin PBXResourcesBuildPhase section */
		D86D50702A47E81200691B72 /* Resources */ = {
			isa = PBXResourcesBuildPhase;
			buildActionMask = 2147483647;
			files = (
				D86D507D2A47E81500691B72 /* Preview Assets.xcassets in Resources */,
				D86D507A2A47E81500691B72 /* Assets.xcassets in Resources */,
			);
			runOnlyForDeploymentPostprocessing = 0;
		};
/* End PBXResourcesBuildPhase section */

/* Begin PBXSourcesBuildPhase section */
		D86D506E2A47E81200691B72 /* Sources */ = {
			isa = PBXSourcesBuildPhase;
			buildActionMask = 2147483647;
			files = (
				D86ACE772A4B831A0086650C /* CircleInCircle.swift in Sources */,
				D86ACEA32A4B84FF0086650C /* Neumorphis1.swift in Sources */,
				D86D508E2A47F57C00691B72 /* OnlineBanking_Accounts_Item.swift in Sources */,
				D8E6B0E22A4B7A250041E77D /* CalcScreen.swift in Sources */,
				D8E6B0EC2A4B7AE80041E77D /* MusicPlayer.swift in Sources */,
				D8E6B0E12A4B7A250041E77D /* CalcClassManager.swift in Sources */,
				D86ACE752A4B82FC0086650C /* CircleGrade.swift in Sources */,
				D86D50782A47E81200691B72 /* ContentView.swift in Sources */,
				D86ACE9B2A4B84800086650C /* Gradient.swift in Sources */,
				D86D508A2A47F14C00691B72 /* OnlineBanking- Header.swift in Sources */,
				D86ACE992A4B846E0086650C /* AnimatingGestures2.swift in Sources */,
				D86D50762A47E81200691B72 /* UI_ExamplesApp.swift in Sources */,
				D86ACEA52A4B85140086650C /* ShadowDrop.swift in Sources */,
				D8E6B0EE2A4B7B260041E77D /* AnimatedButton.swift in Sources */,
				D8E6B0DE2A4B7A250041E77D /* CalculatorButton.swift in Sources */,
				D86D50942A47FEEC00691B72 /* Orbit.swift in Sources */,
				D86D50882A47EE7200691B72 /* OnlineBanking_InfoButtons.swift in Sources */,
				D86D508C2A47F44C00691B72 /* OnlineBanking-Accounts.swift in Sources */,
				D86D50862A47E88200691B72 /* OnlineBanking-CreditCard.swift in Sources */,
				D8E6B0AD2A4804920041E77D /* Orbit-Design.swift in Sources */,
				D86ACE972A4B84550086650C /* Animating gestures .swift in Sources */,
				D86ACE6F2A4B81F10086650C /* RotationView.swift in Sources */,
				D86D50842A47E85200691B72 /* OnlineBanking.swift in Sources */,
				D86D50902A47F86900691B72 /* OnlineBanking-Toggle.swift in Sources */,
				D86ACE792A4B83240086650C /* SquareGrade.swift in Sources */,
				D8E6B0E02A4B7A250041E77D /* CalcHeader.swift in Sources */,
				D8E6B0DF2A4B7A250041E77D /* CalculatorMain.swift in Sources */,
				D86ACE9D2A4B848D0086650C /* GradientView2.swift in Sources */,
				D86D50962A47FF9600691B72 /* Orbit-Button.swift in Sources */,
			);
			runOnlyForDeploymentPostprocessing = 0;
		};
/* End PBXSourcesBuildPhase section */

/* Begin XCBuildConfiguration section */
		D86D507E2A47E81500691B72 /* Debug */ = {
			isa = XCBuildConfiguration;
			buildSettings = {
				ALWAYS_SEARCH_USER_PATHS = NO;
				CLANG_ANALYZER_NONNULL = YES;
				CLANG_ANALYZER_NUMBER_OBJECT_CONVERSION = YES_AGGRESSIVE;
				CLANG_CXX_LANGUAGE_STANDARD = "gnu++20";
				CLANG_ENABLE_MODULES = YES;
				CLANG_ENABLE_OBJC_ARC = YES;
				CLANG_ENABLE_OBJC_WEAK = YES;
				CLANG_WARN_BLOCK_CAPTURE_AUTORELEASING = YES;
				CLANG_WARN_BOOL_CONVERSION = YES;
				CLANG_WARN_COMMA = YES;
				CLANG_WARN_CONSTANT_CONVERSION = YES;
				CLANG_WARN_DEPRECATED_OBJC_IMPLEMENTATIONS = YES;
				CLANG_WARN_DIRECT_OBJC_ISA_USAGE = YES_ERROR;
				CLANG_WARN_DOCUMENTATION_COMMENTS = YES;
				CLANG_WARN_EMPTY_BODY = YES;
				CLANG_WARN_ENUM_CONVERSION = YES;
				CLANG_WARN_INFINITE_RECURSION = YES;
				CLANG_WARN_INT_CONVERSION = YES;
				CLANG_WARN_NON_LITERAL_NULL_CONVERSION = YES;
				CLANG_WARN_OBJC_IMPLICIT_RETAIN_SELF = YES;
				CLANG_WARN_OBJC_LITERAL_CONVERSION = YES;
				CLANG_WARN_OBJC_ROOT_CLASS = YES_ERROR;
				CLANG_WARN_QUOTED_INCLUDE_IN_FRAMEWORK_HEADER = YES;
				CLANG_WARN_RANGE_LOOP_ANALYSIS = YES;
				CLANG_WARN_STRICT_PROTOTYPES = YES;
				CLANG_WARN_SUSPICIOUS_MOVE = YES;
				CLANG_WARN_UNGUARDED_AVAILABILITY = YES_AGGRESSIVE;
				CLANG_WARN_UNREACHABLE_CODE = YES;
				CLANG_WARN__DUPLICATE_METHOD_MATCH = YES;
				COPY_PHASE_STRIP = NO;
				DEBUG_INFORMATION_FORMAT = dwarf;
				ENABLE_STRICT_OBJC_MSGSEND = YES;
				ENABLE_TESTABILITY = YES;
				GCC_C_LANGUAGE_STANDARD = gnu11;
				GCC_DYNAMIC_NO_PIC = NO;
				GCC_NO_COMMON_BLOCKS = YES;
				GCC_OPTIMIZATION_LEVEL = 0;
				GCC_PREPROCESSOR_DEFINITIONS = (
					"DEBUG=1",
					"$(inherited)",
				);
				GCC_WARN_64_TO_32_BIT_CONVERSION = YES;
				GCC_WARN_ABOUT_RETURN_TYPE = YES_ERROR;
				GCC_WARN_UNDECLARED_SELECTOR = YES;
				GCC_WARN_UNINITIALIZED_AUTOS = YES_AGGRESSIVE;
				GCC_WARN_UNUSED_FUNCTION = YES;
				GCC_WARN_UNUSED_VARIABLE = YES;
				IPHONEOS_DEPLOYMENT_TARGET = 16.4;
				MTL_ENABLE_DEBUG_INFO = INCLUDE_SOURCE;
				MTL_FAST_MATH = YES;
				ONLY_ACTIVE_ARCH = YES;
				SDKROOT = iphoneos;
				SWIFT_ACTIVE_COMPILATION_CONDITIONS = DEBUG;
				SWIFT_OPTIMIZATION_LEVEL = "-Onone";
			};
			name = Debug;
		};
		D86D507F2A47E81500691B72 /* Release */ = {
			isa = XCBuildConfiguration;
			buildSettings = {
				ALWAYS_SEARCH_USER_PATHS = NO;
				CLANG_ANALYZER_NONNULL = YES;
				CLANG_ANALYZER_NUMBER_OBJECT_CONVERSION = YES_AGGRESSIVE;
				CLANG_CXX_LANGUAGE_STANDARD = "gnu++20";
				CLANG_ENABLE_MODULES = YES;
				CLANG_ENABLE_OBJC_ARC = YES;
				CLANG_ENABLE_OBJC_WEAK = YES;
				CLANG_WARN_BLOCK_CAPTURE_AUTORELEASING = YES;
				CLANG_WARN_BOOL_CONVERSION = YES;
				CLANG_WARN_COMMA = YES;
				CLANG_WARN_CONSTANT_CONVERSION = YES;
				CLANG_WARN_DEPRECATED_OBJC_IMPLEMENTATIONS = YES;
				CLANG_WARN_DIRECT_OBJC_ISA_USAGE = YES_ERROR;
				CLANG_WARN_DOCUMENTATION_COMMENTS = YES;
				CLANG_WARN_EMPTY_BODY = YES;
				CLANG_WARN_ENUM_CONVERSION = YES;
				CLANG_WARN_INFINITE_RECURSION = YES;
				CLANG_WARN_INT_CONVERSION = YES;
				CLANG_WARN_NON_LITERAL_NULL_CONVERSION = YES;
				CLANG_WARN_OBJC_IMPLICIT_RETAIN_SELF = YES;
				CLANG_WARN_OBJC_LITERAL_CONVERSION = YES;
				CLANG_WARN_OBJC_ROOT_CLASS = YES_ERROR;
				CLANG_WARN_QUOTED_INCLUDE_IN_FRAMEWORK_HEADER = YES;
				CLANG_WARN_RANGE_LOOP_ANALYSIS = YES;
				CLANG_WARN_STRICT_PROTOTYPES = YES;
				CLANG_WARN_SUSPICIOUS_MOVE = YES;
				CLANG_WARN_UNGUARDED_AVAILABILITY = YES_AGGRESSIVE;
				CLANG_WARN_UNREACHABLE_CODE = YES;
				CLANG_WARN__DUPLICATE_METHOD_MATCH = YES;
				COPY_PHASE_STRIP = NO;
				DEBUG_INFORMATION_FORMAT = "dwarf-with-dsym";
				ENABLE_NS_ASSERTIONS = NO;
				ENABLE_STRICT_OBJC_MSGSEND = YES;
				GCC_C_LANGUAGE_STANDARD = gnu11;
				GCC_NO_COMMON_BLOCKS = YES;
				GCC_WARN_64_TO_32_BIT_CONVERSION = YES;
				GCC_WARN_ABOUT_RETURN_TYPE = YES_ERROR;
				GCC_WARN_UNDECLARED_SELECTOR = YES;
				GCC_WARN_UNINITIALIZED_AUTOS = YES_AGGRESSIVE;
				GCC_WARN_UNUSED_FUNCTION = YES;
				GCC_WARN_UNUSED_VARIABLE = YES;
				IPHONEOS_DEPLOYMENT_TARGET = 16.4;
				MTL_ENABLE_DEBUG_INFO = NO;
				MTL_FAST_MATH = YES;
				SDKROOT = iphoneos;
				SWIFT_COMPILATION_MODE = wholemodule;
				SWIFT_OPTIMIZATION_LEVEL = "-O";
				VALIDATE_PRODUCT = YES;
			};
			name = Release;
		};
		D86D50812A47E81500691B72 /* Debug */ = {
			isa = XCBuildConfiguration;
			buildSettings = {
				ASSETCATALOG_COMPILER_APPICON_NAME = AppIcon;
				ASSETCATALOG_COMPILER_GLOBAL_ACCENT_COLOR_NAME = AccentColor;
				CODE_SIGN_STYLE = Automatic;
				CURRENT_PROJECT_VERSION = 1;
				DEVELOPMENT_ASSET_PATHS = "\"UI Examples/Preview Content\"";
				DEVELOPMENT_TEAM = 9R2XSL2WT4;
				ENABLE_PREVIEWS = YES;
				GENERATE_INFOPLIST_FILE = YES;
				INFOPLIST_KEY_UIApplicationSceneManifest_Generation = YES;
				INFOPLIST_KEY_UIApplicationSupportsIndirectInputEvents = YES;
				INFOPLIST_KEY_UILaunchScreen_Generation = YES;
				INFOPLIST_KEY_UISupportedInterfaceOrientations_iPad = "UIInterfaceOrientationPortrait UIInterfaceOrientationPortraitUpsideDown UIInterfaceOrientationLandscapeLeft UIInterfaceOrientationLandscapeRight";
				INFOPLIST_KEY_UISupportedInterfaceOrientations_iPhone = "UIInterfaceOrientationPortrait UIInterfaceOrientationLandscapeLeft UIInterfaceOrientationLandscapeRight";
				LD_RUNPATH_SEARCH_PATHS = (
					"$(inherited)",
					"@executable_path/Frameworks",
				);
				MARKETING_VERSION = 1.0;
				PRODUCT_BUNDLE_IDENTIFIER = "Nicholas-Pompea.UI-Examples";
				PRODUCT_NAME = "$(TARGET_NAME)";
				SWIFT_EMIT_LOC_STRINGS = YES;
				SWIFT_VERSION = 5.0;
				TARGETED_DEVICE_FAMILY = "1,2";
			};
			name = Debug;
		};
		D86D50822A47E81500691B72 /* Release */ = {
			isa = XCBuildConfiguration;
			buildSettings = {
				ASSETCATALOG_COMPILER_APPICON_NAME = AppIcon;
				ASSETCATALOG_COMPILER_GLOBAL_ACCENT_COLOR_NAME = AccentColor;
				CODE_SIGN_STYLE = Automatic;
				CURRENT_PROJECT_VERSION = 1;
				DEVELOPMENT_ASSET_PATHS = "\"UI Examples/Preview Content\"";
				DEVELOPMENT_TEAM = 9R2XSL2WT4;
				ENABLE_PREVIEWS = YES;
				GENERATE_INFOPLIST_FILE = YES;
				INFOPLIST_KEY_UIApplicationSceneManifest_Generation = YES;
				INFOPLIST_KEY_UIApplicationSupportsIndirectInputEvents = YES;
				INFOPLIST_KEY_UILaunchScreen_Generation = YES;
				INFOPLIST_KEY_UISupportedInterfaceOrientations_iPad = "UIInterfaceOrientationPortrait UIInterfaceOrientationPortraitUpsideDown UIInterfaceOrientationLandscapeLeft UIInterfaceOrientationLandscapeRight";
				INFOPLIST_KEY_UISupportedInterfaceOrientations_iPhone = "UIInterfaceOrientationPortrait UIInterfaceOrientationLandscapeLeft UIInterfaceOrientationLandscapeRight";
				LD_RUNPATH_SEARCH_PATHS = (
					"$(inherited)",
					"@executable_path/Frameworks",
				);
				MARKETING_VERSION = 1.0;
				PRODUCT_BUNDLE_IDENTIFIER = "Nicholas-Pompea.UI-Examples";
				PRODUCT_NAME = "$(TARGET_NAME)";
				SWIFT_EMIT_LOC_STRINGS = YES;
				SWIFT_VERSION = 5.0;
				TARGETED_DEVICE_FAMILY = "1,2";
			};
			name = Release;
		};
/* End XCBuildConfiguration section */

/* Begin XCConfigurationList section */
		D86D506D2A47E81200691B72 /* Build configuration list for PBXProject "UI Examples" */ = {
			isa = XCConfigurationList;
			buildConfigurations = (
				D86D507E2A47E81500691B72 /* Debug */,
				D86D507F2A47E81500691B72 /* Release */,
			);
			defaultConfigurationIsVisible = 0;
			defaultConfigurationName = Release;
		};
		D86D50802A47E81500691B72 /* Build configuration list for PBXNativeTarget "UI Examples" */ = {
			isa = XCConfigurationList;
			buildConfigurations = (
				D86D50812A47E81500691B72 /* Debug */,
				D86D50822A47E81500691B72 /* Release */,
			);
			defaultConfigurationIsVisible = 0;
			defaultConfigurationName = Release;
		};
/* End XCConfigurationList section */
	};
	rootObject = D86D506A2A47E81200691B72 /* Project object */;
}
